
Microsoft Visual Studio Solution File, Format Version 12.00
# Visual Studio Version 17
VisualStudioVersion = 17.3.32922.545
MinimumVisualStudioVersion = 10.0.40219.1
Project("{FAE04EC0-301F-11D3-BF4B-00C04F79EFBC}") = "pdf_final", "pdf_final.csproj", "{632FE408-6207-4608-95D5-DD5C02CCE78C}"
EndProject
Global
	GlobalSection(SolutionConfigurationPlatforms) = preSolution
		Debug|Any CPU = Debug|Any CPU
		Release|Any CPU = Release|Any CPU
	EndGlobalSection
	GlobalSection(ProjectConfigurationPlatforms) = postSolution
		{632FE408-6207-4608-95D5-DD5C02CCE78C}.Debug|Any CPU.ActiveCfg = Debug|Any CPU
		{632FE408-6207-4608-95D5-DD5C02CCE78C}.Debug|Any CPU.Build.0 = Debug|Any CPU
		{632FE408-6207-4608-95D5-DD5C02CCE78C}.Release|Any CPU.ActiveCfg = Release|Any CPU
		{632FE408-6207-4608-95D5-DD5C02CCE78C}.Release|Any CPU.Build.0 = Release|Any CPU
	EndGlobalSection
	GlobalSection(SolutionProperties) = preSolution
		HideSolutionNode = FALSE
	EndGlobalSection
	GlobalSection(ExtensibilityGlobals) = postSolution
		SolutionGuid = {D560B29C-7397-47F3-A374-E256B9537711}
	EndGlobalSection
EndGlobal
